{
  "version": 4,
  "terraform_version": "0.12.0",
  "serial": 61,
  "lineage": "ff46e1d7-96f9-c37b-0540-bba592c193f0",
  "outputs": {},
  "resources": [
    {
      "module": "module.masters",
      "mode": "data",
      "type": "ignition_config",
      "name": "master_ignition_config",
      "each": "list",
      "provider": "provider.ignition",
      "instances": [
        {
          "index_key": 0,
          "schema_version": 0,
          "attributes": {
            "append": [
              {
                "source": "data:text/plain;charset=utf-8;base64,eyJpZ25pdGlvbiI6eyJjb25maWciOnsiYXBwZW5kIjpbeyJzb3VyY2UiOiJodHRwczovLzE3Mi4zMC4wLjU6MjI2MjMvY29uZmlnL21hc3RlciIsInZlcmlmaWNhdGlvbiI6e319XX0sInNlY3VyaXR5Ijp7InRscyI6eyJjZXJ0aWZpY2F0ZUF1dGhvcml0aWVzIjpbeyJzb3VyY2UiOiJkYXRhOnRleHQvcGxhaW47Y2hhcnNldD11dGYtODtiYXNlNjQsTFMwdExTMUNSVWRKVGlCRFJWSlVTVVpKUTBGVVJTMHRMUzB0Q2sxSlNVUkZSRU5EUVdacFowRjNTVUpCWjBsSlRqWjNZM2h2S3paUFYzTjNSRkZaU2t0dldrbG9kbU5PUVZGRlRFSlJRWGRLYWtWVFRVSkJSMEV4VlVVS1EzaE5TbUl6UW14aWJrNXZZVmRhTUUxU1FYZEVaMWxFVmxGUlJFVjNaSGxpTWprd1RGZE9hRTFDTkZoRVZFbDNUVVJqZVU5RVJUQk5la1Y1VFZadldBcEVWRTEzVFVSamVVNXFSVEJOZWtWNVRWWnZkMHBxUlZOTlFrRkhRVEZWUlVONFRVcGlNMEpzWW01T2IyRlhXakJOVWtGM1JHZFpSRlpSVVVSRmQyUjVDbUl5T1RCTVYwNW9UVWxKUWtscVFVNUNaMnR4YUd0cFJ6bDNNRUpCVVVWR1FVRlBRMEZST0VGTlNVbENRMmRMUTBGUlJVRjZWRU5EWlhnek56TnFTelVLV2toV01WZHhNR1pLY25CSVlsUlhiRmhoV0RsU2JqZFZTREY2T1dwWmFFZHRaMlV4U2pSSWFVaHNRV3B3VkRRdlNFVjRReTlzVkVKaWJGWTJjMmQ1WkFwTVdYUlhkM1ZWVUd4bU0wbG5aak5OYzFoWFRFUlVUVzl0Y0ZkVWVVWm5hRlY1TUVOdVVWSmtNelpRTlZaSk5USnlSMXBZU2xJMWFYRkRhRXBSTlVaSENrUktRbkpSYmpjck9YWXJZbGR2U2tsaFMxRjZiMWR5YlcxTFZtVlhTRzFpT1Rrd2QyNXNXR2R1VjJRelRUTXJiWEp5YVUxRFlsRmlLMDlsUlRWcWFUY0taa0ZIUlVkRVRubG9iR2N3ZVRCNmVGbENXVUZCSzAxMWMwVlhVVTUwY1RGTmFHVjFOaTlPUkZkalpreFpaRThyWWxaTlZGUXJRa1Z5UVVJeWRHMXpaQXBSWnk4eWVFMWlNSEZwUldzclpuQXhNWHBMVlVGVE1rWk5WM2xLV20xRlVYaERORUpHV2pOMFEwdFRlbU5oZVdOUGRGbFlNVmhOTDNGQlduaHpPVEJwQ2xFeWMwVlBZbVUwWm5kSlJFRlJRVUp2TUVsM1VVUkJUMEpuVGxaSVVUaENRV1k0UlVKQlRVTkJjVkYzUkhkWlJGWlNNRlJCVVVndlFrRlZkMEYzUlVJS0wzcEJaRUpuVGxaSVVUUkZSbWRSVlRObk5sRjZOMFpHZWxkV1FURkpLeTkwVUVsclZFRlpaM3BuZDNkRVVWbEtTMjlhU1doMlkwNUJVVVZNUWxGQlJBcG5aMFZDUVVoT1dpODVWbGhSWjBKeFIxWjFXaTlQT1haWmExbHhLM0p3WjB4aWNUVklSV3hoT1RORVRpOXlZa1ppU0dGcGF6WnhkRXd2ZVZKMmQxSnZDbWh5TTJoNlRXUnhPSFV6Ym1SVGJtbHBjV3RMT1VWRldsSXlXVXhLZWs5ek9HZExiRkpuYkd0MFUwaHZVM1owTUUxNFN5dFhWMU5rVGpVMU1tUllhRVlLT0haemJ6ZHJOVUpVWVZWR2EyWXlNak12WlRBdldWSTRXSGM0TDBFMU5EQlBUMUphY1d0R0wwSXlaVEpIZVhwSk1tTk9iVzVHU0RkeWNFd3pXbVoxVndwNWRYQnFiRU54V2xBM1FqbFVSbFJqUnk5MlFYRXJTRmcyTTBsU2RTc3ZiekpQVkd0Ulppc3pOSFpPU1ZCd09EWjVXalpQZUhCWFVHOW9OMWxRYmxKSENrY3lXRVpQYTJKdmJEaFNTRGx1VjNoQ1NFTmFNVzlJTjBkRVVVNWxkbFJQUTJaclNXc3dkMU5EY1ZNNVNYRTJWRGxoVEhNME5qYzJWVGRTWjFscGNURUtVRVp4WkRkWlZtMXhla0Z3YUhoVWQwUnVZakZSTjB0cGIwTlpQUW90TFMwdExVVk9SQ0JEUlZKVVNVWkpRMEZVUlMwdExTMHRDZz09IiwidmVyaWZpY2F0aW9uIjp7fX1dfX0sInRpbWVvdXRzIjp7fSwidmVyc2lvbiI6IjIuMi4wIn0sIm5ldHdvcmtkIjp7fSwicGFzc3dkIjp7fSwic3RvcmFnZSI6e30sInN5c3RlbWQiOnt9fQ==",
                "verification": ""
              }
            ],
            "arrays": null,
            "directories": null,
            "disks": null,
            "files": [
              "f33203b0cfa41eac0eedf960ef11c4f8669bef71917da8bdb88e227d249d019e"
            ],
            "filesystems": null,
            "groups": null,
            "id": "967ecfe6b3c177e43f6bc3b1d4848189db77bdef109cc6362ba692a48def0247",
            "links": null,
            "networkd": null,
            "rendered": "{\"ignition\":{\"config\":{\"append\":[{\"source\":\"data:text/plain;charset=utf-8;base64,eyJpZ25pdGlvbiI6eyJjb25maWciOnsiYXBwZW5kIjpbeyJzb3VyY2UiOiJodHRwczovLzE3Mi4zMC4wLjU6MjI2MjMvY29uZmlnL21hc3RlciIsInZlcmlmaWNhdGlvbiI6e319XX0sInNlY3VyaXR5Ijp7InRscyI6eyJjZXJ0aWZpY2F0ZUF1dGhvcml0aWVzIjpbeyJzb3VyY2UiOiJkYXRhOnRleHQvcGxhaW47Y2hhcnNldD11dGYtODtiYXNlNjQsTFMwdExTMUNSVWRKVGlCRFJWSlVTVVpKUTBGVVJTMHRMUzB0Q2sxSlNVUkZSRU5EUVdacFowRjNTVUpCWjBsSlRqWjNZM2h2S3paUFYzTjNSRkZaU2t0dldrbG9kbU5PUVZGRlRFSlJRWGRLYWtWVFRVSkJSMEV4VlVVS1EzaE5TbUl6UW14aWJrNXZZVmRhTUUxU1FYZEVaMWxFVmxGUlJFVjNaSGxpTWprd1RGZE9hRTFDTkZoRVZFbDNUVVJqZVU5RVJUQk5la1Y1VFZadldBcEVWRTEzVFVSamVVNXFSVEJOZWtWNVRWWnZkMHBxUlZOTlFrRkhRVEZWUlVONFRVcGlNMEpzWW01T2IyRlhXakJOVWtGM1JHZFpSRlpSVVVSRmQyUjVDbUl5T1RCTVYwNW9UVWxKUWtscVFVNUNaMnR4YUd0cFJ6bDNNRUpCVVVWR1FVRlBRMEZST0VGTlNVbENRMmRMUTBGUlJVRjZWRU5EWlhnek56TnFTelVLV2toV01WZHhNR1pLY25CSVlsUlhiRmhoV0RsU2JqZFZTREY2T1dwWmFFZHRaMlV4U2pSSWFVaHNRV3B3VkRRdlNFVjRReTlzVkVKaWJGWTJjMmQ1WkFwTVdYUlhkM1ZWVUd4bU0wbG5aak5OYzFoWFRFUlVUVzl0Y0ZkVWVVWm5hRlY1TUVOdVVWSmtNelpRTlZaSk5USnlSMXBZU2xJMWFYRkRhRXBSTlVaSENrUktRbkpSYmpjck9YWXJZbGR2U2tsaFMxRjZiMWR5YlcxTFZtVlhTRzFpT1Rrd2QyNXNXR2R1VjJRelRUTXJiWEp5YVUxRFlsRmlLMDlsUlRWcWFUY0taa0ZIUlVkRVRubG9iR2N3ZVRCNmVGbENXVUZCSzAxMWMwVlhVVTUwY1RGTmFHVjFOaTlPUkZkalpreFpaRThyWWxaTlZGUXJRa1Z5UVVJeWRHMXpaQXBSWnk4eWVFMWlNSEZwUldzclpuQXhNWHBMVlVGVE1rWk5WM2xLV20xRlVYaERORUpHV2pOMFEwdFRlbU5oZVdOUGRGbFlNVmhOTDNGQlduaHpPVEJwQ2xFeWMwVlBZbVUwWm5kSlJFRlJRVUp2TUVsM1VVUkJUMEpuVGxaSVVUaENRV1k0UlVKQlRVTkJjVkYzUkhkWlJGWlNNRlJCVVVndlFrRlZkMEYzUlVJS0wzcEJaRUpuVGxaSVVUUkZSbWRSVlRObk5sRjZOMFpHZWxkV1FURkpLeTkwVUVsclZFRlpaM3BuZDNkRVVWbEtTMjlhU1doMlkwNUJVVVZNUWxGQlJBcG5aMFZDUVVoT1dpODVWbGhSWjBKeFIxWjFXaTlQT1haWmExbHhLM0p3WjB4aWNUVklSV3hoT1RORVRpOXlZa1ppU0dGcGF6WnhkRXd2ZVZKMmQxSnZDbWh5TTJoNlRXUnhPSFV6Ym1SVGJtbHBjV3RMT1VWRldsSXlXVXhLZWs5ek9HZExiRkpuYkd0MFUwaHZVM1owTUUxNFN5dFhWMU5rVGpVMU1tUllhRVlLT0haemJ6ZHJOVUpVWVZWR2EyWXlNak12WlRBdldWSTRXSGM0TDBFMU5EQlBUMUphY1d0R0wwSXlaVEpIZVhwSk1tTk9iVzVHU0RkeWNFd3pXbVoxVndwNWRYQnFiRU54V2xBM1FqbFVSbFJqUnk5MlFYRXJTRmcyTTBsU2RTc3ZiekpQVkd0Ulppc3pOSFpPU1ZCd09EWjVXalpQZUhCWFVHOW9OMWxRYmxKSENrY3lXRVpQYTJKdmJEaFNTRGx1VjNoQ1NFTmFNVzlJTjBkRVVVNWxkbFJQUTJaclNXc3dkMU5EY1ZNNVNYRTJWRGxoVEhNME5qYzJWVGRTWjFscGNURUtVRVp4WkRkWlZtMXhla0Z3YUhoVWQwUnVZakZSTjB0cGIwTlpQUW90TFMwdExVVk9SQ0JEUlZKVVNVWkpRMEZVUlMwdExTMHRDZz09IiwidmVyaWZpY2F0aW9uIjp7fX1dfX0sInRpbWVvdXRzIjp7fSwidmVyc2lvbiI6IjIuMi4wIn0sIm5ldHdvcmtkIjp7fSwicGFzc3dkIjp7fSwic3RvcmFnZSI6e30sInN5c3RlbWQiOnt9fQ==\",\"verification\":{}}]},\"timeouts\":{},\"version\":\"2.1.0\"},\"networkd\":{},\"passwd\":{},\"storage\":{\"files\":[{\"filesystem\":\"root\",\"group\":{},\"path\":\"/etc/hostname\",\"user\":{},\"contents\":{\"source\":\"data:text/plain;charset=utf-8;base64,cmhtaTAyLXp2bXN2LW1hc3Rlci0wCg==\",\"verification\":{}},\"mode\":420}]},\"systemd\":{}}",
            "replace": null,
            "systemd": null,
            "users": null
          },
          "depends_on": [
            "data.ignition_file.hostname"
          ]
        },
        {
          "index_key": 1,
          "schema_version": 0,
          "attributes": {
            "append": [
              {
                "source": "data:text/plain;charset=utf-8;base64,eyJpZ25pdGlvbiI6eyJjb25maWciOnsiYXBwZW5kIjpbeyJzb3VyY2UiOiJodHRwczovLzE3Mi4zMC4wLjU6MjI2MjMvY29uZmlnL21hc3RlciIsInZlcmlmaWNhdGlvbiI6e319XX0sInNlY3VyaXR5Ijp7InRscyI6eyJjZXJ0aWZpY2F0ZUF1dGhvcml0aWVzIjpbeyJzb3VyY2UiOiJkYXRhOnRleHQvcGxhaW47Y2hhcnNldD11dGYtODtiYXNlNjQsTFMwdExTMUNSVWRKVGlCRFJWSlVTVVpKUTBGVVJTMHRMUzB0Q2sxSlNVUkZSRU5EUVdacFowRjNTVUpCWjBsSlRqWjNZM2h2S3paUFYzTjNSRkZaU2t0dldrbG9kbU5PUVZGRlRFSlJRWGRLYWtWVFRVSkJSMEV4VlVVS1EzaE5TbUl6UW14aWJrNXZZVmRhTUUxU1FYZEVaMWxFVmxGUlJFVjNaSGxpTWprd1RGZE9hRTFDTkZoRVZFbDNUVVJqZVU5RVJUQk5la1Y1VFZadldBcEVWRTEzVFVSamVVNXFSVEJOZWtWNVRWWnZkMHBxUlZOTlFrRkhRVEZWUlVONFRVcGlNMEpzWW01T2IyRlhXakJOVWtGM1JHZFpSRlpSVVVSRmQyUjVDbUl5T1RCTVYwNW9UVWxKUWtscVFVNUNaMnR4YUd0cFJ6bDNNRUpCVVVWR1FVRlBRMEZST0VGTlNVbENRMmRMUTBGUlJVRjZWRU5EWlhnek56TnFTelVLV2toV01WZHhNR1pLY25CSVlsUlhiRmhoV0RsU2JqZFZTREY2T1dwWmFFZHRaMlV4U2pSSWFVaHNRV3B3VkRRdlNFVjRReTlzVkVKaWJGWTJjMmQ1WkFwTVdYUlhkM1ZWVUd4bU0wbG5aak5OYzFoWFRFUlVUVzl0Y0ZkVWVVWm5hRlY1TUVOdVVWSmtNelpRTlZaSk5USnlSMXBZU2xJMWFYRkRhRXBSTlVaSENrUktRbkpSYmpjck9YWXJZbGR2U2tsaFMxRjZiMWR5YlcxTFZtVlhTRzFpT1Rrd2QyNXNXR2R1VjJRelRUTXJiWEp5YVUxRFlsRmlLMDlsUlRWcWFUY0taa0ZIUlVkRVRubG9iR2N3ZVRCNmVGbENXVUZCSzAxMWMwVlhVVTUwY1RGTmFHVjFOaTlPUkZkalpreFpaRThyWWxaTlZGUXJRa1Z5UVVJeWRHMXpaQXBSWnk4eWVFMWlNSEZwUldzclpuQXhNWHBMVlVGVE1rWk5WM2xLV20xRlVYaERORUpHV2pOMFEwdFRlbU5oZVdOUGRGbFlNVmhOTDNGQlduaHpPVEJwQ2xFeWMwVlBZbVUwWm5kSlJFRlJRVUp2TUVsM1VVUkJUMEpuVGxaSVVUaENRV1k0UlVKQlRVTkJjVkYzUkhkWlJGWlNNRlJCVVVndlFrRlZkMEYzUlVJS0wzcEJaRUpuVGxaSVVUUkZSbWRSVlRObk5sRjZOMFpHZWxkV1FURkpLeTkwVUVsclZFRlpaM3BuZDNkRVVWbEtTMjlhU1doMlkwNUJVVVZNUWxGQlJBcG5aMFZDUVVoT1dpODVWbGhSWjBKeFIxWjFXaTlQT1haWmExbHhLM0p3WjB4aWNUVklSV3hoT1RORVRpOXlZa1ppU0dGcGF6WnhkRXd2ZVZKMmQxSnZDbWh5TTJoNlRXUnhPSFV6Ym1SVGJtbHBjV3RMT1VWRldsSXlXVXhLZWs5ek9HZExiRkpuYkd0MFUwaHZVM1owTUUxNFN5dFhWMU5rVGpVMU1tUllhRVlLT0haemJ6ZHJOVUpVWVZWR2EyWXlNak12WlRBdldWSTRXSGM0TDBFMU5EQlBUMUphY1d0R0wwSXlaVEpIZVhwSk1tTk9iVzVHU0RkeWNFd3pXbVoxVndwNWRYQnFiRU54V2xBM1FqbFVSbFJqUnk5MlFYRXJTRmcyTTBsU2RTc3ZiekpQVkd0Ulppc3pOSFpPU1ZCd09EWjVXalpQZUhCWFVHOW9OMWxRYmxKSENrY3lXRVpQYTJKdmJEaFNTRGx1VjNoQ1NFTmFNVzlJTjBkRVVVNWxkbFJQUTJaclNXc3dkMU5EY1ZNNVNYRTJWRGxoVEhNME5qYzJWVGRTWjFscGNURUtVRVp4WkRkWlZtMXhla0Z3YUhoVWQwUnVZakZSTjB0cGIwTlpQUW90TFMwdExVVk9SQ0JEUlZKVVNVWkpRMEZVUlMwdExTMHRDZz09IiwidmVyaWZpY2F0aW9uIjp7fX1dfX0sInRpbWVvdXRzIjp7fSwidmVyc2lvbiI6IjIuMi4wIn0sIm5ldHdvcmtkIjp7fSwicGFzc3dkIjp7fSwic3RvcmFnZSI6e30sInN5c3RlbWQiOnt9fQ==",
                "verification": ""
              }
            ],
            "arrays": null,
            "directories": null,
            "disks": null,
            "files": [
              "574ef1b313629d0804e3e1bafe9650722d543b586eada4d18eb25ceb3c2b8616"
            ],
            "filesystems": null,
            "groups": null,
            "id": "48e25fdef21e92a23c4cf9d11e26a6fb598473f54a5e3b3ac8780b0f5b2c33f0",
            "links": null,
            "networkd": null,
            "rendered": "{\"ignition\":{\"config\":{\"append\":[{\"source\":\"data:text/plain;charset=utf-8;base64,eyJpZ25pdGlvbiI6eyJjb25maWciOnsiYXBwZW5kIjpbeyJzb3VyY2UiOiJodHRwczovLzE3Mi4zMC4wLjU6MjI2MjMvY29uZmlnL21hc3RlciIsInZlcmlmaWNhdGlvbiI6e319XX0sInNlY3VyaXR5Ijp7InRscyI6eyJjZXJ0aWZpY2F0ZUF1dGhvcml0aWVzIjpbeyJzb3VyY2UiOiJkYXRhOnRleHQvcGxhaW47Y2hhcnNldD11dGYtODtiYXNlNjQsTFMwdExTMUNSVWRKVGlCRFJWSlVTVVpKUTBGVVJTMHRMUzB0Q2sxSlNVUkZSRU5EUVdacFowRjNTVUpCWjBsSlRqWjNZM2h2S3paUFYzTjNSRkZaU2t0dldrbG9kbU5PUVZGRlRFSlJRWGRLYWtWVFRVSkJSMEV4VlVVS1EzaE5TbUl6UW14aWJrNXZZVmRhTUUxU1FYZEVaMWxFVmxGUlJFVjNaSGxpTWprd1RGZE9hRTFDTkZoRVZFbDNUVVJqZVU5RVJUQk5la1Y1VFZadldBcEVWRTEzVFVSamVVNXFSVEJOZWtWNVRWWnZkMHBxUlZOTlFrRkhRVEZWUlVONFRVcGlNMEpzWW01T2IyRlhXakJOVWtGM1JHZFpSRlpSVVVSRmQyUjVDbUl5T1RCTVYwNW9UVWxKUWtscVFVNUNaMnR4YUd0cFJ6bDNNRUpCVVVWR1FVRlBRMEZST0VGTlNVbENRMmRMUTBGUlJVRjZWRU5EWlhnek56TnFTelVLV2toV01WZHhNR1pLY25CSVlsUlhiRmhoV0RsU2JqZFZTREY2T1dwWmFFZHRaMlV4U2pSSWFVaHNRV3B3VkRRdlNFVjRReTlzVkVKaWJGWTJjMmQ1WkFwTVdYUlhkM1ZWVUd4bU0wbG5aak5OYzFoWFRFUlVUVzl0Y0ZkVWVVWm5hRlY1TUVOdVVWSmtNelpRTlZaSk5USnlSMXBZU2xJMWFYRkRhRXBSTlVaSENrUktRbkpSYmpjck9YWXJZbGR2U2tsaFMxRjZiMWR5YlcxTFZtVlhTRzFpT1Rrd2QyNXNXR2R1VjJRelRUTXJiWEp5YVUxRFlsRmlLMDlsUlRWcWFUY0taa0ZIUlVkRVRubG9iR2N3ZVRCNmVGbENXVUZCSzAxMWMwVlhVVTUwY1RGTmFHVjFOaTlPUkZkalpreFpaRThyWWxaTlZGUXJRa1Z5UVVJeWRHMXpaQXBSWnk4eWVFMWlNSEZwUldzclpuQXhNWHBMVlVGVE1rWk5WM2xLV20xRlVYaERORUpHV2pOMFEwdFRlbU5oZVdOUGRGbFlNVmhOTDNGQlduaHpPVEJwQ2xFeWMwVlBZbVUwWm5kSlJFRlJRVUp2TUVsM1VVUkJUMEpuVGxaSVVUaENRV1k0UlVKQlRVTkJjVkYzUkhkWlJGWlNNRlJCVVVndlFrRlZkMEYzUlVJS0wzcEJaRUpuVGxaSVVUUkZSbWRSVlRObk5sRjZOMFpHZWxkV1FURkpLeTkwVUVsclZFRlpaM3BuZDNkRVVWbEtTMjlhU1doMlkwNUJVVVZNUWxGQlJBcG5aMFZDUVVoT1dpODVWbGhSWjBKeFIxWjFXaTlQT1haWmExbHhLM0p3WjB4aWNUVklSV3hoT1RORVRpOXlZa1ppU0dGcGF6WnhkRXd2ZVZKMmQxSnZDbWh5TTJoNlRXUnhPSFV6Ym1SVGJtbHBjV3RMT1VWRldsSXlXVXhLZWs5ek9HZExiRkpuYkd0MFUwaHZVM1owTUUxNFN5dFhWMU5rVGpVMU1tUllhRVlLT0haemJ6ZHJOVUpVWVZWR2EyWXlNak12WlRBdldWSTRXSGM0TDBFMU5EQlBUMUphY1d0R0wwSXlaVEpIZVhwSk1tTk9iVzVHU0RkeWNFd3pXbVoxVndwNWRYQnFiRU54V2xBM1FqbFVSbFJqUnk5MlFYRXJTRmcyTTBsU2RTc3ZiekpQVkd0Ulppc3pOSFpPU1ZCd09EWjVXalpQZUhCWFVHOW9OMWxRYmxKSENrY3lXRVpQYTJKdmJEaFNTRGx1VjNoQ1NFTmFNVzlJTjBkRVVVNWxkbFJQUTJaclNXc3dkMU5EY1ZNNVNYRTJWRGxoVEhNME5qYzJWVGRTWjFscGNURUtVRVp4WkRkWlZtMXhla0Z3YUhoVWQwUnVZakZSTjB0cGIwTlpQUW90TFMwdExVVk9SQ0JEUlZKVVNVWkpRMEZVUlMwdExTMHRDZz09IiwidmVyaWZpY2F0aW9uIjp7fX1dfX0sInRpbWVvdXRzIjp7fSwidmVyc2lvbiI6IjIuMi4wIn0sIm5ldHdvcmtkIjp7fSwicGFzc3dkIjp7fSwic3RvcmFnZSI6e30sInN5c3RlbWQiOnt9fQ==\",\"verification\":{}}]},\"timeouts\":{},\"version\":\"2.1.0\"},\"networkd\":{},\"passwd\":{},\"storage\":{\"files\":[{\"filesystem\":\"root\",\"group\":{},\"path\":\"/etc/hostname\",\"user\":{},\"contents\":{\"source\":\"data:text/plain;charset=utf-8;base64,cmhtaTAyLXp2bXN2LW1hc3Rlci0xCg==\",\"verification\":{}},\"mode\":420}]},\"systemd\":{}}",
            "replace": null,
            "systemd": null,
            "users": null
          },
          "depends_on": [
            "data.ignition_file.hostname"
          ]
        },
        {
          "index_key": 2,
          "schema_version": 0,
          "attributes": {
            "append": [
              {
                "source": "data:text/plain;charset=utf-8;base64,eyJpZ25pdGlvbiI6eyJjb25maWciOnsiYXBwZW5kIjpbeyJzb3VyY2UiOiJodHRwczovLzE3Mi4zMC4wLjU6MjI2MjMvY29uZmlnL21hc3RlciIsInZlcmlmaWNhdGlvbiI6e319XX0sInNlY3VyaXR5Ijp7InRscyI6eyJjZXJ0aWZpY2F0ZUF1dGhvcml0aWVzIjpbeyJzb3VyY2UiOiJkYXRhOnRleHQvcGxhaW47Y2hhcnNldD11dGYtODtiYXNlNjQsTFMwdExTMUNSVWRKVGlCRFJWSlVTVVpKUTBGVVJTMHRMUzB0Q2sxSlNVUkZSRU5EUVdacFowRjNTVUpCWjBsSlRqWjNZM2h2S3paUFYzTjNSRkZaU2t0dldrbG9kbU5PUVZGRlRFSlJRWGRLYWtWVFRVSkJSMEV4VlVVS1EzaE5TbUl6UW14aWJrNXZZVmRhTUUxU1FYZEVaMWxFVmxGUlJFVjNaSGxpTWprd1RGZE9hRTFDTkZoRVZFbDNUVVJqZVU5RVJUQk5la1Y1VFZadldBcEVWRTEzVFVSamVVNXFSVEJOZWtWNVRWWnZkMHBxUlZOTlFrRkhRVEZWUlVONFRVcGlNMEpzWW01T2IyRlhXakJOVWtGM1JHZFpSRlpSVVVSRmQyUjVDbUl5T1RCTVYwNW9UVWxKUWtscVFVNUNaMnR4YUd0cFJ6bDNNRUpCVVVWR1FVRlBRMEZST0VGTlNVbENRMmRMUTBGUlJVRjZWRU5EWlhnek56TnFTelVLV2toV01WZHhNR1pLY25CSVlsUlhiRmhoV0RsU2JqZFZTREY2T1dwWmFFZHRaMlV4U2pSSWFVaHNRV3B3VkRRdlNFVjRReTlzVkVKaWJGWTJjMmQ1WkFwTVdYUlhkM1ZWVUd4bU0wbG5aak5OYzFoWFRFUlVUVzl0Y0ZkVWVVWm5hRlY1TUVOdVVWSmtNelpRTlZaSk5USnlSMXBZU2xJMWFYRkRhRXBSTlVaSENrUktRbkpSYmpjck9YWXJZbGR2U2tsaFMxRjZiMWR5YlcxTFZtVlhTRzFpT1Rrd2QyNXNXR2R1VjJRelRUTXJiWEp5YVUxRFlsRmlLMDlsUlRWcWFUY0taa0ZIUlVkRVRubG9iR2N3ZVRCNmVGbENXVUZCSzAxMWMwVlhVVTUwY1RGTmFHVjFOaTlPUkZkalpreFpaRThyWWxaTlZGUXJRa1Z5UVVJeWRHMXpaQXBSWnk4eWVFMWlNSEZwUldzclpuQXhNWHBMVlVGVE1rWk5WM2xLV20xRlVYaERORUpHV2pOMFEwdFRlbU5oZVdOUGRGbFlNVmhOTDNGQlduaHpPVEJwQ2xFeWMwVlBZbVUwWm5kSlJFRlJRVUp2TUVsM1VVUkJUMEpuVGxaSVVUaENRV1k0UlVKQlRVTkJjVkYzUkhkWlJGWlNNRlJCVVVndlFrRlZkMEYzUlVJS0wzcEJaRUpuVGxaSVVUUkZSbWRSVlRObk5sRjZOMFpHZWxkV1FURkpLeTkwVUVsclZFRlpaM3BuZDNkRVVWbEtTMjlhU1doMlkwNUJVVVZNUWxGQlJBcG5aMFZDUVVoT1dpODVWbGhSWjBKeFIxWjFXaTlQT1haWmExbHhLM0p3WjB4aWNUVklSV3hoT1RORVRpOXlZa1ppU0dGcGF6WnhkRXd2ZVZKMmQxSnZDbWh5TTJoNlRXUnhPSFV6Ym1SVGJtbHBjV3RMT1VWRldsSXlXVXhLZWs5ek9HZExiRkpuYkd0MFUwaHZVM1owTUUxNFN5dFhWMU5rVGpVMU1tUllhRVlLT0haemJ6ZHJOVUpVWVZWR2EyWXlNak12WlRBdldWSTRXSGM0TDBFMU5EQlBUMUphY1d0R0wwSXlaVEpIZVhwSk1tTk9iVzVHU0RkeWNFd3pXbVoxVndwNWRYQnFiRU54V2xBM1FqbFVSbFJqUnk5MlFYRXJTRmcyTTBsU2RTc3ZiekpQVkd0Ulppc3pOSFpPU1ZCd09EWjVXalpQZUhCWFVHOW9OMWxRYmxKSENrY3lXRVpQYTJKdmJEaFNTRGx1VjNoQ1NFTmFNVzlJTjBkRVVVNWxkbFJQUTJaclNXc3dkMU5EY1ZNNVNYRTJWRGxoVEhNME5qYzJWVGRTWjFscGNURUtVRVp4WkRkWlZtMXhla0Z3YUhoVWQwUnVZakZSTjB0cGIwTlpQUW90TFMwdExVVk9SQ0JEUlZKVVNVWkpRMEZVUlMwdExTMHRDZz09IiwidmVyaWZpY2F0aW9uIjp7fX1dfX0sInRpbWVvdXRzIjp7fSwidmVyc2lvbiI6IjIuMi4wIn0sIm5ldHdvcmtkIjp7fSwicGFzc3dkIjp7fSwic3RvcmFnZSI6e30sInN5c3RlbWQiOnt9fQ==",
                "verification": ""
              }
            ],
            "arrays": null,
            "directories": null,
            "disks": null,
            "files": [
              "dce17414eb6d78ed9dda89eab26f7be534fb1de3775ae51ce90a00ffc8c03c40"
            ],
            "filesystems": null,
            "groups": null,
            "id": "adf11f3c3267bbed4b402a6c2825874e895c8ecb7529f98e89391749dd104a85",
            "links": null,
            "networkd": null,
            "rendered": "{\"ignition\":{\"config\":{\"append\":[{\"source\":\"data:text/plain;charset=utf-8;base64,eyJpZ25pdGlvbiI6eyJjb25maWciOnsiYXBwZW5kIjpbeyJzb3VyY2UiOiJodHRwczovLzE3Mi4zMC4wLjU6MjI2MjMvY29uZmlnL21hc3RlciIsInZlcmlmaWNhdGlvbiI6e319XX0sInNlY3VyaXR5Ijp7InRscyI6eyJjZXJ0aWZpY2F0ZUF1dGhvcml0aWVzIjpbeyJzb3VyY2UiOiJkYXRhOnRleHQvcGxhaW47Y2hhcnNldD11dGYtODtiYXNlNjQsTFMwdExTMUNSVWRKVGlCRFJWSlVTVVpKUTBGVVJTMHRMUzB0Q2sxSlNVUkZSRU5EUVdacFowRjNTVUpCWjBsSlRqWjNZM2h2S3paUFYzTjNSRkZaU2t0dldrbG9kbU5PUVZGRlRFSlJRWGRLYWtWVFRVSkJSMEV4VlVVS1EzaE5TbUl6UW14aWJrNXZZVmRhTUUxU1FYZEVaMWxFVmxGUlJFVjNaSGxpTWprd1RGZE9hRTFDTkZoRVZFbDNUVVJqZVU5RVJUQk5la1Y1VFZadldBcEVWRTEzVFVSamVVNXFSVEJOZWtWNVRWWnZkMHBxUlZOTlFrRkhRVEZWUlVONFRVcGlNMEpzWW01T2IyRlhXakJOVWtGM1JHZFpSRlpSVVVSRmQyUjVDbUl5T1RCTVYwNW9UVWxKUWtscVFVNUNaMnR4YUd0cFJ6bDNNRUpCVVVWR1FVRlBRMEZST0VGTlNVbENRMmRMUTBGUlJVRjZWRU5EWlhnek56TnFTelVLV2toV01WZHhNR1pLY25CSVlsUlhiRmhoV0RsU2JqZFZTREY2T1dwWmFFZHRaMlV4U2pSSWFVaHNRV3B3VkRRdlNFVjRReTlzVkVKaWJGWTJjMmQ1WkFwTVdYUlhkM1ZWVUd4bU0wbG5aak5OYzFoWFRFUlVUVzl0Y0ZkVWVVWm5hRlY1TUVOdVVWSmtNelpRTlZaSk5USnlSMXBZU2xJMWFYRkRhRXBSTlVaSENrUktRbkpSYmpjck9YWXJZbGR2U2tsaFMxRjZiMWR5YlcxTFZtVlhTRzFpT1Rrd2QyNXNXR2R1VjJRelRUTXJiWEp5YVUxRFlsRmlLMDlsUlRWcWFUY0taa0ZIUlVkRVRubG9iR2N3ZVRCNmVGbENXVUZCSzAxMWMwVlhVVTUwY1RGTmFHVjFOaTlPUkZkalpreFpaRThyWWxaTlZGUXJRa1Z5UVVJeWRHMXpaQXBSWnk4eWVFMWlNSEZwUldzclpuQXhNWHBMVlVGVE1rWk5WM2xLV20xRlVYaERORUpHV2pOMFEwdFRlbU5oZVdOUGRGbFlNVmhOTDNGQlduaHpPVEJwQ2xFeWMwVlBZbVUwWm5kSlJFRlJRVUp2TUVsM1VVUkJUMEpuVGxaSVVUaENRV1k0UlVKQlRVTkJjVkYzUkhkWlJGWlNNRlJCVVVndlFrRlZkMEYzUlVJS0wzcEJaRUpuVGxaSVVUUkZSbWRSVlRObk5sRjZOMFpHZWxkV1FURkpLeTkwVUVsclZFRlpaM3BuZDNkRVVWbEtTMjlhU1doMlkwNUJVVVZNUWxGQlJBcG5aMFZDUVVoT1dpODVWbGhSWjBKeFIxWjFXaTlQT1haWmExbHhLM0p3WjB4aWNUVklSV3hoT1RORVRpOXlZa1ppU0dGcGF6WnhkRXd2ZVZKMmQxSnZDbWh5TTJoNlRXUnhPSFV6Ym1SVGJtbHBjV3RMT1VWRldsSXlXVXhLZWs5ek9HZExiRkpuYkd0MFUwaHZVM1owTUUxNFN5dFhWMU5rVGpVMU1tUllhRVlLT0haemJ6ZHJOVUpVWVZWR2EyWXlNak12WlRBdldWSTRXSGM0TDBFMU5EQlBUMUphY1d0R0wwSXlaVEpIZVhwSk1tTk9iVzVHU0RkeWNFd3pXbVoxVndwNWRYQnFiRU54V2xBM1FqbFVSbFJqUnk5MlFYRXJTRmcyTTBsU2RTc3ZiekpQVkd0Ulppc3pOSFpPU1ZCd09EWjVXalpQZUhCWFVHOW9OMWxRYmxKSENrY3lXRVpQYTJKdmJEaFNTRGx1VjNoQ1NFTmFNVzlJTjBkRVVVNWxkbFJQUTJaclNXc3dkMU5EY1ZNNVNYRTJWRGxoVEhNME5qYzJWVGRTWjFscGNURUtVRVp4WkRkWlZtMXhla0Z3YUhoVWQwUnVZakZSTjB0cGIwTlpQUW90TFMwdExVVk9SQ0JEUlZKVVNVWkpRMEZVUlMwdExTMHRDZz09IiwidmVyaWZpY2F0aW9uIjp7fX1dfX0sInRpbWVvdXRzIjp7fSwidmVyc2lvbiI6IjIuMi4wIn0sIm5ldHdvcmtkIjp7fSwicGFzc3dkIjp7fSwic3RvcmFnZSI6e30sInN5c3RlbWQiOnt9fQ==\",\"verification\":{}}]},\"timeouts\":{},\"version\":\"2.1.0\"},\"networkd\":{},\"passwd\":{},\"storage\":{\"files\":[{\"filesystem\":\"root\",\"group\":{},\"path\":\"/etc/hostname\",\"user\":{},\"contents\":{\"source\":\"data:text/plain;charset=utf-8;base64,cmhtaTAyLXp2bXN2LW1hc3Rlci0yCg==\",\"verification\":{}},\"mode\":420}]},\"systemd\":{}}",
            "replace": null,
            "systemd": null,
            "users": null
          },
          "depends_on": [
            "data.ignition_file.hostname"
          ]
        }
      ]
    },
    {
      "module": "module.masters",
      "mode": "data",
      "type": "ignition_file",
      "name": "hostname",
      "each": "list",
      "provider": "provider.ignition",
      "instances": [
        {
          "index_key": 0,
          "schema_version": 0,
          "attributes": {
            "content": [
              {
                "content": "rhmi02-zvmsv-master-0\n",
                "mime": "text/plain"
              }
            ],
            "filesystem": "root",
            "gid": null,
            "id": "f33203b0cfa41eac0eedf960ef11c4f8669bef71917da8bdb88e227d249d019e",
            "mode": 420,
            "path": "/etc/hostname",
            "source": null,
            "uid": null
          }
        },
        {
          "index_key": 1,
          "schema_version": 0,
          "attributes": {
            "content": [
              {
                "content": "rhmi02-zvmsv-master-1\n",
                "mime": "text/plain"
              }
            ],
            "filesystem": "root",
            "gid": null,
            "id": "574ef1b313629d0804e3e1bafe9650722d543b586eada4d18eb25ceb3c2b8616",
            "mode": 420,
            "path": "/etc/hostname",
            "source": null,
            "uid": null
          }
        },
        {
          "index_key": 2,
          "schema_version": 0,
          "attributes": {
            "content": [
              {
                "content": "rhmi02-zvmsv-master-2\n",
                "mime": "text/plain"
              }
            ],
            "filesystem": "root",
            "gid": null,
            "id": "dce17414eb6d78ed9dda89eab26f7be534fb1de3775ae51ce90a00ffc8c03c40",
            "mode": 420,
            "path": "/etc/hostname",
            "source": null,
            "uid": null
          }
        }
      ]
    },
    {
      "module": "module.masters",
      "mode": "data",
      "type": "openstack_compute_flavor_v2",
      "name": "masters_flavor",
      "provider": "provider.openstack",
      "instances": [
        {
          "schema_version": 0,
          "attributes": {
            "disk": 40,
            "extra_specs": {
              "aggregate_instance_extra_specs:server_type:aggregate": "general"
            },
            "flavor_id": "f18d4d48-3359-4751-8a38-8e5ec38aafde",
            "id": "f18d4d48-3359-4751-8a38-8e5ec38aafde",
            "is_public": true,
            "min_disk": null,
            "min_ram": null,
            "name": "quicklab.ocp4.master",
            "ram": 16384,
            "region": null,
            "rx_tx_factor": 1,
            "swap": 0,
            "vcpus": 4
          }
        }
      ]
    },
    {
      "module": "module.topology",
      "mode": "data",
      "type": "openstack_networking_network_v2",
      "name": "external_network",
      "provider": "provider.openstack",
      "instances": [
        {
          "schema_version": 0,
          "attributes": {
            "admin_state_up": "true",
            "all_tags": [],
            "availability_zone_hints": [],
            "description": "",
            "dns_domain": "",
            "external": true,
            "id": "316eeb47-1498-46b4-b39e-00ddf73bd2a5",
            "matching_subnet_cidr": null,
            "mtu": 1500,
            "name": "provider_net_shared_3",
            "network_id": null,
            "region": "regionOne",
            "shared": "true",
            "status": null,
            "tags": null,
            "tenant_id": "fe0579143bba47ae8501b5c6c7e80804",
            "transparent_vlan": false
          }
        }
      ]
    },
    {
      "module": "module.masters",
      "mode": "managed",
      "type": "openstack_compute_instance_v2",
      "name": "master_conf",
      "each": "list",
      "provider": "provider.openstack",
      "instances": [
        {
          "index_key": 0,
          "schema_version": 0,
          "attributes": {
            "access_ip_v4": "172.30.1.0",
            "access_ip_v6": "",
            "admin_pass": null,
            "all_metadata": {
              "Name": "rhmi02-zvmsv-master",
              "openshiftClusterID": "rhmi02-zvmsv"
            },
            "availability_zone": "nova",
            "block_device": [],
            "config_drive": null,
            "flavor_id": "f18d4d48-3359-4751-8a38-8e5ec38aafde",
            "flavor_name": "quicklab.ocp4.master",
            "floating_ip": null,
            "force_delete": false,
            "id": "b345340a-9032-480b-9606-ddba0572d0e8",
            "image_id": "c9e9b155-fd6b-4398-9e4a-dc339057f2e9",
            "image_name": "rhcos-4.4.3",
            "key_pair": null,
            "metadata": {
              "Name": "rhmi02-zvmsv-master",
              "openshiftClusterID": "rhmi02-zvmsv"
            },
            "name": "rhmi02-zvmsv-master-0",
            "network": [
              {
                "access_network": false,
                "fixed_ip_v4": "172.30.1.0",
                "fixed_ip_v6": "",
                "floating_ip": "",
                "mac": "fa:16:3e:dc:fe:76",
                "name": "rhmi02-zvmsv-openshift",
                "port": "f62d08f7-ed63-4c47-a524-def438a4cdac",
                "uuid": "795d1e81-7905-4a4e-b645-d3b1b3381048"
              }
            ],
            "personality": [],
            "power_state": "active",
            "region": "regionOne",
            "scheduler_hints": [],
            "security_groups": [
              "95ca6a07-69e9-4066-bd2b-f4c372a53a8b"
            ],
            "stop_before_destroy": false,
            "timeouts": null,
            "user_data": "c3e567660c84c29488d2611a34acf402da4338fa",
            "vendor_options": [],
            "volume": []
          },
          "depends_on": [
            "data.ignition_config.master_ignition_config",
            "data.openstack_compute_flavor_v2.masters_flavor",
            "openstack_blockstorage_volume_v3.master_volume"
          ]
        },
        {
          "index_key": 1,
          "schema_version": 0,
          "attributes": {
            "access_ip_v4": "172.30.3.224",
            "access_ip_v6": "",
            "admin_pass": null,
            "all_metadata": {
              "Name": "rhmi02-zvmsv-master",
              "openshiftClusterID": "rhmi02-zvmsv"
            },
            "availability_zone": "nova",
            "block_device": [],
            "config_drive": null,
            "flavor_id": "f18d4d48-3359-4751-8a38-8e5ec38aafde",
            "flavor_name": "quicklab.ocp4.master",
            "floating_ip": null,
            "force_delete": false,
            "id": "86379a3b-0b20-42d9-804e-ca3d5b21af10",
            "image_id": "c9e9b155-fd6b-4398-9e4a-dc339057f2e9",
            "image_name": "rhcos-4.4.3",
            "key_pair": null,
            "metadata": {
              "Name": "rhmi02-zvmsv-master",
              "openshiftClusterID": "rhmi02-zvmsv"
            },
            "name": "rhmi02-zvmsv-master-1",
            "network": [
              {
                "access_network": false,
                "fixed_ip_v4": "172.30.3.224",
                "fixed_ip_v6": "",
                "floating_ip": "",
                "mac": "fa:16:3e:2e:70:a5",
                "name": "rhmi02-zvmsv-openshift",
                "port": "1b454ed8-fc7e-4ecb-bd3d-3ceecd790093",
                "uuid": "795d1e81-7905-4a4e-b645-d3b1b3381048"
              }
            ],
            "personality": [],
            "power_state": "active",
            "region": "regionOne",
            "scheduler_hints": [],
            "security_groups": [
              "95ca6a07-69e9-4066-bd2b-f4c372a53a8b"
            ],
            "stop_before_destroy": false,
            "timeouts": null,
            "user_data": "ef3446262c5a83e3fa25cfda79027a58c808a993",
            "vendor_options": [],
            "volume": []
          },
          "depends_on": [
            "data.ignition_config.master_ignition_config",
            "data.openstack_compute_flavor_v2.masters_flavor",
            "openstack_blockstorage_volume_v3.master_volume"
          ]
        },
        {
          "index_key": 2,
          "schema_version": 0,
          "attributes": {
            "access_ip_v4": "172.30.0.87",
            "access_ip_v6": "",
            "admin_pass": null,
            "all_metadata": {
              "Name": "rhmi02-zvmsv-master",
              "openshiftClusterID": "rhmi02-zvmsv"
            },
            "availability_zone": "nova",
            "block_device": [],
            "config_drive": null,
            "flavor_id": "f18d4d48-3359-4751-8a38-8e5ec38aafde",
            "flavor_name": "quicklab.ocp4.master",
            "floating_ip": null,
            "force_delete": false,
            "id": "e23d2990-afcb-47d4-8488-232bb51627cd",
            "image_id": "c9e9b155-fd6b-4398-9e4a-dc339057f2e9",
            "image_name": "rhcos-4.4.3",
            "key_pair": null,
            "metadata": {
              "Name": "rhmi02-zvmsv-master",
              "openshiftClusterID": "rhmi02-zvmsv"
            },
            "name": "rhmi02-zvmsv-master-2",
            "network": [
              {
                "access_network": false,
                "fixed_ip_v4": "172.30.0.87",
                "fixed_ip_v6": "",
                "floating_ip": "",
                "mac": "fa:16:3e:12:3e:1c",
                "name": "rhmi02-zvmsv-openshift",
                "port": "adaeb52d-b0ea-4a68-b8c4-5acaa227a502",
                "uuid": "795d1e81-7905-4a4e-b645-d3b1b3381048"
              }
            ],
            "personality": [],
            "power_state": "active",
            "region": "regionOne",
            "scheduler_hints": [],
            "security_groups": [
              "95ca6a07-69e9-4066-bd2b-f4c372a53a8b"
            ],
            "stop_before_destroy": false,
            "timeouts": null,
            "user_data": "58609247efed4abb7703b14febafdfdd8e228d42",
            "vendor_options": [],
            "volume": []
          },
          "depends_on": [
            "data.ignition_config.master_ignition_config",
            "data.openstack_compute_flavor_v2.masters_flavor",
            "openstack_blockstorage_volume_v3.master_volume"
          ]
        }
      ]
    },
    {
      "module": "module.topology",
      "mode": "managed",
      "type": "openstack_networking_floatingip_associate_v2",
      "name": "api_fip",
      "each": "list",
      "provider": "provider.openstack",
      "instances": [
        {
          "index_key": 0,
          "schema_version": 0,
          "attributes": {
            "fixed_ip": "172.30.0.5",
            "floating_ip": "10.0.109.43",
            "id": "921c8cef-592e-4fae-8334-4b88def5c0e7",
            "port_id": "3f00d144-7370-435a-83f1-3ef9d9bbc9d9",
            "region": "regionOne"
          },
          "depends_on": [
            "openstack_networking_port_v2.api_port"
          ]
        }
      ]
    },
    {
      "module": "module.topology",
      "mode": "managed",
      "type": "openstack_networking_network_v2",
      "name": "openshift-private",
      "provider": "provider.openstack",
      "instances": [
        {
          "schema_version": 0,
          "attributes": {
            "admin_state_up": true,
            "all_tags": [
              "openshiftClusterID=rhmi02-zvmsv"
            ],
            "availability_zone_hints": [],
            "description": "",
            "dns_domain": "",
            "external": false,
            "id": "795d1e81-7905-4a4e-b645-d3b1b3381048",
            "mtu": 1450,
            "name": "rhmi02-zvmsv-openshift",
            "port_security_enabled": true,
            "region": "regionOne",
            "segments": [],
            "shared": false,
            "tags": [
              "openshiftClusterID=rhmi02-zvmsv"
            ],
            "tenant_id": "73c528bd2139473cac08550320e306c6",
            "timeouts": null,
            "transparent_vlan": false,
            "value_specs": null
          }
        }
      ]
    },
    {
      "module": "module.topology",
      "mode": "managed",
      "type": "openstack_networking_port_v2",
      "name": "api_port",
      "provider": "provider.openstack",
      "instances": [
        {
          "schema_version": 0,
          "attributes": {
            "admin_state_up": true,
            "all_fixed_ips": [
              "172.30.0.5"
            ],
            "all_security_group_ids": [
              "95ca6a07-69e9-4066-bd2b-f4c372a53a8b"
            ],
            "all_tags": [
              "openshiftClusterID=rhmi02-zvmsv"
            ],
            "allowed_address_pairs": [],
            "binding": [
              {
                "host_id": "",
                "profile": "null",
                "vif_details": {},
                "vif_type": "",
                "vnic_type": "normal"
              }
            ],
            "description": "",
            "device_id": "",
            "device_owner": "",
            "dns_assignment": [],
            "dns_name": "",
            "extra_dhcp_option": [],
            "fixed_ip": [
              {
                "ip_address": "172.30.0.5",
                "subnet_id": "81550a58-5e0f-4a4e-a575-bf11c494fdbf"
              }
            ],
            "id": "3f00d144-7370-435a-83f1-3ef9d9bbc9d9",
            "mac_address": "fa:16:3e:a3:a2:4d",
            "name": "rhmi02-zvmsv-api-port",
            "network_id": "795d1e81-7905-4a4e-b645-d3b1b3381048",
            "no_fixed_ip": null,
            "no_security_groups": null,
            "port_security_enabled": true,
            "region": "regionOne",
            "security_group_ids": [
              "95ca6a07-69e9-4066-bd2b-f4c372a53a8b"
            ],
            "tags": [
              "openshiftClusterID=rhmi02-zvmsv"
            ],
            "tenant_id": "73c528bd2139473cac08550320e306c6",
            "timeouts": null,
            "value_specs": null
          },
          "depends_on": [
            "openstack_networking_network_v2.openshift-private",
            "openstack_networking_secgroup_v2.master",
            "openstack_networking_subnet_v2.nodes"
          ]
        }
      ]
    },
    {
      "module": "module.topology",
      "mode": "managed",
      "type": "openstack_networking_port_v2",
      "name": "ingress_port",
      "provider": "provider.openstack",
      "instances": [
        {
          "schema_version": 0,
          "attributes": {
            "admin_state_up": true,
            "all_fixed_ips": [
              "172.30.0.7"
            ],
            "all_security_group_ids": [
              "bfef2595-e028-4d7c-b800-9c4a819a455b"
            ],
            "all_tags": [
              "openshiftClusterID=rhmi02-zvmsv"
            ],
            "allowed_address_pairs": [],
            "binding": [
              {
                "host_id": "",
                "profile": "null",
                "vif_details": {},
                "vif_type": "",
                "vnic_type": "normal"
              }
            ],
            "description": "",
            "device_id": "",
            "device_owner": "",
            "dns_assignment": [],
            "dns_name": "",
            "extra_dhcp_option": [],
            "fixed_ip": [
              {
                "ip_address": "172.30.0.7",
                "subnet_id": "81550a58-5e0f-4a4e-a575-bf11c494fdbf"
              }
            ],
            "id": "883c3869-fefc-4aa2-a10d-5af05924d675",
            "mac_address": "fa:16:3e:d4:59:38",
            "name": "rhmi02-zvmsv-ingress-port",
            "network_id": "795d1e81-7905-4a4e-b645-d3b1b3381048",
            "no_fixed_ip": null,
            "no_security_groups": null,
            "port_security_enabled": true,
            "region": "regionOne",
            "security_group_ids": [
              "bfef2595-e028-4d7c-b800-9c4a819a455b"
            ],
            "tags": [
              "openshiftClusterID=rhmi02-zvmsv"
            ],
            "tenant_id": "73c528bd2139473cac08550320e306c6",
            "timeouts": null,
            "value_specs": null
          },
          "depends_on": [
            "openstack_networking_network_v2.openshift-private",
            "openstack_networking_secgroup_v2.worker",
            "openstack_networking_subnet_v2.nodes"
          ]
        }
      ]
    },
    {
      "module": "module.topology",
      "mode": "managed",
      "type": "openstack_networking_port_v2",
      "name": "masters",
      "each": "list",
      "provider": "provider.openstack",
      "instances": [
        {
          "index_key": 0,
          "schema_version": 0,
          "attributes": {
            "admin_state_up": true,
            "all_fixed_ips": [
              "172.30.1.0"
            ],
            "all_security_group_ids": [
              "95ca6a07-69e9-4066-bd2b-f4c372a53a8b"
            ],
            "all_tags": [
              "openshiftClusterID=rhmi02-zvmsv"
            ],
            "allowed_address_pairs": [
              {
                "ip_address": "172.30.0.5",
                "mac_address": ""
              },
              {
                "ip_address": "172.30.0.6",
                "mac_address": ""
              },
              {
                "ip_address": "172.30.0.7",
                "mac_address": ""
              }
            ],
            "binding": [
              {
                "host_id": "",
                "profile": "null",
                "vif_details": {},
                "vif_type": "",
                "vnic_type": "normal"
              }
            ],
            "description": "",
            "device_id": "",
            "device_owner": "",
            "dns_assignment": [],
            "dns_name": "",
            "extra_dhcp_option": [
              {
                "ip_version": 4,
                "name": "domain-search",
                "value": "rhmi02.patternfly.org"
              }
            ],
            "fixed_ip": [
              {
                "ip_address": "",
                "subnet_id": "81550a58-5e0f-4a4e-a575-bf11c494fdbf"
              }
            ],
            "id": "f62d08f7-ed63-4c47-a524-def438a4cdac",
            "mac_address": "fa:16:3e:dc:fe:76",
            "name": "rhmi02-zvmsv-master-port-0",
            "network_id": "795d1e81-7905-4a4e-b645-d3b1b3381048",
            "no_fixed_ip": null,
            "no_security_groups": null,
            "port_security_enabled": true,
            "region": "regionOne",
            "security_group_ids": [
              "95ca6a07-69e9-4066-bd2b-f4c372a53a8b"
            ],
            "tags": [
              "openshiftClusterID=rhmi02-zvmsv"
            ],
            "tenant_id": "73c528bd2139473cac08550320e306c6",
            "timeouts": null,
            "value_specs": null
          },
          "depends_on": [
            "openstack_networking_network_v2.openshift-private",
            "openstack_networking_secgroup_v2.master",
            "openstack_networking_subnet_v2.nodes"
          ]
        },
        {
          "index_key": 1,
          "schema_version": 0,
          "attributes": {
            "admin_state_up": true,
            "all_fixed_ips": [
              "172.30.3.224"
            ],
            "all_security_group_ids": [
              "95ca6a07-69e9-4066-bd2b-f4c372a53a8b"
            ],
            "all_tags": [
              "openshiftClusterID=rhmi02-zvmsv"
            ],
            "allowed_address_pairs": [
              {
                "ip_address": "172.30.0.5",
                "mac_address": ""
              },
              {
                "ip_address": "172.30.0.6",
                "mac_address": ""
              },
              {
                "ip_address": "172.30.0.7",
                "mac_address": ""
              }
            ],
            "binding": [
              {
                "host_id": "",
                "profile": "null",
                "vif_details": {},
                "vif_type": "",
                "vnic_type": "normal"
              }
            ],
            "description": "",
            "device_id": "",
            "device_owner": "",
            "dns_assignment": [],
            "dns_name": "",
            "extra_dhcp_option": [
              {
                "ip_version": 4,
                "name": "domain-search",
                "value": "rhmi02.patternfly.org"
              }
            ],
            "fixed_ip": [
              {
                "ip_address": "",
                "subnet_id": "81550a58-5e0f-4a4e-a575-bf11c494fdbf"
              }
            ],
            "id": "1b454ed8-fc7e-4ecb-bd3d-3ceecd790093",
            "mac_address": "fa:16:3e:2e:70:a5",
            "name": "rhmi02-zvmsv-master-port-1",
            "network_id": "795d1e81-7905-4a4e-b645-d3b1b3381048",
            "no_fixed_ip": null,
            "no_security_groups": null,
            "port_security_enabled": true,
            "region": "regionOne",
            "security_group_ids": [
              "95ca6a07-69e9-4066-bd2b-f4c372a53a8b"
            ],
            "tags": [
              "openshiftClusterID=rhmi02-zvmsv"
            ],
            "tenant_id": "73c528bd2139473cac08550320e306c6",
            "timeouts": null,
            "value_specs": null
          },
          "depends_on": [
            "openstack_networking_network_v2.openshift-private",
            "openstack_networking_secgroup_v2.master",
            "openstack_networking_subnet_v2.nodes"
          ]
        },
        {
          "index_key": 2,
          "schema_version": 0,
          "attributes": {
            "admin_state_up": true,
            "all_fixed_ips": [
              "172.30.0.87"
            ],
            "all_security_group_ids": [
              "95ca6a07-69e9-4066-bd2b-f4c372a53a8b"
            ],
            "all_tags": [
              "openshiftClusterID=rhmi02-zvmsv"
            ],
            "allowed_address_pairs": [
              {
                "ip_address": "172.30.0.5",
                "mac_address": ""
              },
              {
                "ip_address": "172.30.0.6",
                "mac_address": ""
              },
              {
                "ip_address": "172.30.0.7",
                "mac_address": ""
              }
            ],
            "binding": [
              {
                "host_id": "",
                "profile": "null",
                "vif_details": {},
                "vif_type": "",
                "vnic_type": "normal"
              }
            ],
            "description": "",
            "device_id": "",
            "device_owner": "",
            "dns_assignment": [],
            "dns_name": "",
            "extra_dhcp_option": [
              {
                "ip_version": 4,
                "name": "domain-search",
                "value": "rhmi02.patternfly.org"
              }
            ],
            "fixed_ip": [
              {
                "ip_address": "",
                "subnet_id": "81550a58-5e0f-4a4e-a575-bf11c494fdbf"
              }
            ],
            "id": "adaeb52d-b0ea-4a68-b8c4-5acaa227a502",
            "mac_address": "fa:16:3e:12:3e:1c",
            "name": "rhmi02-zvmsv-master-port-2",
            "network_id": "795d1e81-7905-4a4e-b645-d3b1b3381048",
            "no_fixed_ip": null,
            "no_security_groups": null,
            "port_security_enabled": true,
            "region": "regionOne",
            "security_group_ids": [
              "95ca6a07-69e9-4066-bd2b-f4c372a53a8b"
            ],
            "tags": [
              "openshiftClusterID=rhmi02-zvmsv"
            ],
            "tenant_id": "73c528bd2139473cac08550320e306c6",
            "timeouts": null,
            "value_specs": null
          },
          "depends_on": [
            "openstack_networking_network_v2.openshift-private",
            "openstack_networking_secgroup_v2.master",
            "openstack_networking_subnet_v2.nodes"
          ]
        }
      ]
    },
    {
      "module": "module.topology",
      "mode": "managed",
      "type": "openstack_networking_router_interface_v2",
      "name": "nodes_router_interface",
      "provider": "provider.openstack",
      "instances": [
        {
          "schema_version": 0,
          "attributes": {
            "id": "0b40b273-d486-4e47-954c-5fb848803430",
            "port_id": "0b40b273-d486-4e47-954c-5fb848803430",
            "region": "regionOne",
            "router_id": "f0c69359-4c9b-4789-81e2-fc3ec1bbcfd2",
            "subnet_id": "81550a58-5e0f-4a4e-a575-bf11c494fdbf",
            "timeouts": null
          },
          "depends_on": [
            "openstack_networking_router_v2.openshift-external-router",
            "openstack_networking_subnet_v2.nodes"
          ]
        }
      ]
    },
    {
      "module": "module.topology",
      "mode": "managed",
      "type": "openstack_networking_router_v2",
      "name": "openshift-external-router",
      "provider": "provider.openstack",
      "instances": [
        {
          "schema_version": 0,
          "attributes": {
            "admin_state_up": true,
            "all_tags": [
              "openshiftClusterID=rhmi02-zvmsv"
            ],
            "availability_zone_hints": [],
            "description": "",
            "distributed": false,
            "enable_snat": true,
            "external_fixed_ip": [
              {
                "ip_address": "10.0.110.116",
                "subnet_id": "1447a1b3-c28f-4026-9edb-98af355c29c9"
              }
            ],
            "external_gateway": "316eeb47-1498-46b4-b39e-00ddf73bd2a5",
            "external_network_id": "316eeb47-1498-46b4-b39e-00ddf73bd2a5",
            "id": "f0c69359-4c9b-4789-81e2-fc3ec1bbcfd2",
            "name": "rhmi02-zvmsv-external-router",
            "region": "regionOne",
            "tags": [
              "openshiftClusterID=rhmi02-zvmsv"
            ],
            "tenant_id": "73c528bd2139473cac08550320e306c6",
            "timeouts": null,
            "value_specs": null,
            "vendor_options": []
          },
          "depends_on": [
            "data.openstack_networking_network_v2.external_network"
          ]
        }
      ]
    },
    {
      "module": "module.topology",
      "mode": "managed",
      "type": "openstack_networking_secgroup_rule_v2",
      "name": "master_ingress_dns_tcp",
      "provider": "provider.openstack",
      "instances": [
        {
          "schema_version": 0,
          "attributes": {
            "description": "",
            "direction": "ingress",
            "ethertype": "IPv4",
            "id": "57b52767-5322-4ee8-830a-6f19f3a48a23",
            "port_range_max": 53,
            "port_range_min": 53,
            "protocol": "tcp",
            "region": "regionOne",
            "remote_group_id": "",
            "remote_ip_prefix": "172.30.0.0/16",
            "security_group_id": "95ca6a07-69e9-4066-bd2b-f4c372a53a8b",
            "tenant_id": "73c528bd2139473cac08550320e306c6",
            "timeouts": null
          },
          "depends_on": [
            "openstack_networking_secgroup_rule_v2.master_ingress_ssh",
            "openstack_networking_secgroup_v2.master"
          ]
        }
      ]
    },
    {
      "module": "module.topology",
      "mode": "managed",
      "type": "openstack_networking_secgroup_rule_v2",
      "name": "master_ingress_dns_udp",
      "provider": "provider.openstack",
      "instances": [
        {
          "schema_version": 0,
          "attributes": {
            "description": "",
            "direction": "ingress",
            "ethertype": "IPv4",
            "id": "b4a077d3-e418-419a-92b5-dbf24a32f5c6",
            "port_range_max": 53,
            "port_range_min": 53,
            "protocol": "udp",
            "region": "regionOne",
            "remote_group_id": "",
            "remote_ip_prefix": "172.30.0.0/16",
            "security_group_id": "95ca6a07-69e9-4066-bd2b-f4c372a53a8b",
            "tenant_id": "73c528bd2139473cac08550320e306c6",
            "timeouts": null
          },
          "depends_on": [
            "openstack_networking_secgroup_rule_v2.master_ingress_dns_tcp",
            "openstack_networking_secgroup_v2.master"
          ]
        }
      ]
    },
    {
      "module": "module.topology",
      "mode": "managed",
      "type": "openstack_networking_secgroup_rule_v2",
      "name": "master_ingress_etcd",
      "provider": "provider.openstack",
      "instances": [
        {
          "schema_version": 0,
          "attributes": {
            "description": "",
            "direction": "ingress",
            "ethertype": "IPv4",
            "id": "f538d8ea-bec7-40de-ba77-309bfa5c3992",
            "port_range_max": 2380,
            "port_range_min": 2379,
            "protocol": "tcp",
            "region": "regionOne",
            "remote_group_id": "",
            "remote_ip_prefix": "172.30.0.0/16",
            "security_group_id": "95ca6a07-69e9-4066-bd2b-f4c372a53a8b",
            "tenant_id": "73c528bd2139473cac08550320e306c6",
            "timeouts": null
          },
          "depends_on": [
            "openstack_networking_secgroup_rule_v2.master_ingress_kubelet_secure",
            "openstack_networking_secgroup_v2.master"
          ]
        }
      ]
    },
    {
      "module": "module.topology",
      "mode": "managed",
      "type": "openstack_networking_secgroup_rule_v2",
      "name": "master_ingress_geneve",
      "provider": "provider.openstack",
      "instances": [
        {
          "schema_version": 0,
          "attributes": {
            "description": "",
            "direction": "ingress",
            "ethertype": "IPv4",
            "id": "ff1167f8-7d20-4d50-bc3c-a5050313278c",
            "port_range_max": 6081,
            "port_range_min": 6081,
            "protocol": "udp",
            "region": "regionOne",
            "remote_group_id": "",
            "remote_ip_prefix": "172.30.0.0/16",
            "security_group_id": "95ca6a07-69e9-4066-bd2b-f4c372a53a8b",
            "tenant_id": "73c528bd2139473cac08550320e306c6",
            "timeouts": null
          },
          "depends_on": [
            "openstack_networking_secgroup_rule_v2.master_ingress_vxlan",
            "openstack_networking_secgroup_v2.master"
          ]
        }
      ]
    },
    {
      "module": "module.topology",
      "mode": "managed",
      "type": "openstack_networking_secgroup_rule_v2",
      "name": "master_ingress_https",
      "provider": "provider.openstack",
      "instances": [
        {
          "schema_version": 0,
          "attributes": {
            "description": "",
            "direction": "ingress",
            "ethertype": "IPv4",
            "id": "8fab0f64-4ca4-4bed-ba96-a4632110cb33",
            "port_range_max": 6443,
            "port_range_min": 6443,
            "protocol": "tcp",
            "region": "regionOne",
            "remote_group_id": "",
            "remote_ip_prefix": "0.0.0.0/0",
            "security_group_id": "95ca6a07-69e9-4066-bd2b-f4c372a53a8b",
            "tenant_id": "73c528bd2139473cac08550320e306c6",
            "timeouts": null
          },
          "depends_on": [
            "openstack_networking_secgroup_rule_v2.master_ingress_mdns_udp",
            "openstack_networking_secgroup_v2.master"
          ]
        }
      ]
    },
    {
      "module": "module.topology",
      "mode": "managed",
      "type": "openstack_networking_secgroup_rule_v2",
      "name": "master_ingress_icmp",
      "provider": "provider.openstack",
      "instances": [
        {
          "schema_version": 0,
          "attributes": {
            "description": "",
            "direction": "ingress",
            "ethertype": "IPv4",
            "id": "2af07f9f-9001-43cf-b92b-7b2734d90cb0",
            "port_range_max": 0,
            "port_range_min": 0,
            "protocol": "icmp",
            "region": "regionOne",
            "remote_group_id": "",
            "remote_ip_prefix": "0.0.0.0/0",
            "security_group_id": "95ca6a07-69e9-4066-bd2b-f4c372a53a8b",
            "tenant_id": "73c528bd2139473cac08550320e306c6",
            "timeouts": null
          },
          "depends_on": [
            "openstack_networking_secgroup_rule_v2.master_mcs",
            "openstack_networking_secgroup_v2.master"
          ]
        }
      ]
    },
    {
      "module": "module.topology",
      "mode": "managed",
      "type": "openstack_networking_secgroup_rule_v2",
      "name": "master_ingress_internal",
      "provider": "provider.openstack",
      "instances": [
        {
          "schema_version": 0,
          "attributes": {
            "description": "",
            "direction": "ingress",
            "ethertype": "IPv4",
            "id": "4bc5e3e5-424a-427e-996e-850f3066be60",
            "port_range_max": 9999,
            "port_range_min": 9000,
            "protocol": "tcp",
            "region": "regionOne",
            "remote_group_id": "",
            "remote_ip_prefix": "172.30.0.0/16",
            "security_group_id": "95ca6a07-69e9-4066-bd2b-f4c372a53a8b",
            "tenant_id": "73c528bd2139473cac08550320e306c6",
            "timeouts": null
          },
          "depends_on": [
            "openstack_networking_secgroup_rule_v2.master_ingress_ovndb",
            "openstack_networking_secgroup_v2.master"
          ]
        }
      ]
    },
    {
      "module": "module.topology",
      "mode": "managed",
      "type": "openstack_networking_secgroup_rule_v2",
      "name": "master_ingress_internal_udp",
      "provider": "provider.openstack",
      "instances": [
        {
          "schema_version": 0,
          "attributes": {
            "description": "",
            "direction": "ingress",
            "ethertype": "IPv4",
            "id": "1a04814c-0572-4141-b598-38fd5cb7ceda",
            "port_range_max": 9999,
            "port_range_min": 9000,
            "protocol": "udp",
            "region": "regionOne",
            "remote_group_id": "",
            "remote_ip_prefix": "172.30.0.0/16",
            "security_group_id": "95ca6a07-69e9-4066-bd2b-f4c372a53a8b",
            "tenant_id": "73c528bd2139473cac08550320e306c6",
            "timeouts": null
          },
          "depends_on": [
            "openstack_networking_secgroup_rule_v2.master_ingress_internal",
            "openstack_networking_secgroup_v2.master"
          ]
        }
      ]
    },
    {
      "module": "module.topology",
      "mode": "managed",
      "type": "openstack_networking_secgroup_rule_v2",
      "name": "master_ingress_kube_controller_manager",
      "provider": "provider.openstack",
      "instances": [
        {
          "schema_version": 0,
          "attributes": {
            "description": "",
            "direction": "ingress",
            "ethertype": "IPv4",
            "id": "66e13bc8-3a6a-4f15-a61b-9305468a7fe5",
            "port_range_max": 10257,
            "port_range_min": 10257,
            "protocol": "tcp",
            "region": "regionOne",
            "remote_group_id": "",
            "remote_ip_prefix": "172.30.0.0/16",
            "security_group_id": "95ca6a07-69e9-4066-bd2b-f4c372a53a8b",
            "tenant_id": "73c528bd2139473cac08550320e306c6",
            "timeouts": null
          },
          "depends_on": [
            "openstack_networking_secgroup_rule_v2.master_ingress_kube_scheduler",
            "openstack_networking_secgroup_v2.master"
          ]
        }
      ]
    },
    {
      "module": "module.topology",
      "mode": "managed",
      "type": "openstack_networking_secgroup_rule_v2",
      "name": "master_ingress_kube_scheduler",
      "provider": "provider.openstack",
      "instances": [
        {
          "schema_version": 0,
          "attributes": {
            "description": "",
            "direction": "ingress",
            "ethertype": "IPv4",
            "id": "737039fd-0d08-42c3-a6c9-52775f7fcdb5",
            "port_range_max": 10259,
            "port_range_min": 10259,
            "protocol": "tcp",
            "region": "regionOne",
            "remote_group_id": "",
            "remote_ip_prefix": "172.30.0.0/16",
            "security_group_id": "95ca6a07-69e9-4066-bd2b-f4c372a53a8b",
            "tenant_id": "73c528bd2139473cac08550320e306c6",
            "timeouts": null
          },
          "depends_on": [
            "openstack_networking_secgroup_rule_v2.master_ingress_internal_udp",
            "openstack_networking_secgroup_v2.master"
          ]
        }
      ]
    },
    {
      "module": "module.topology",
      "mode": "managed",
      "type": "openstack_networking_secgroup_rule_v2",
      "name": "master_ingress_kubelet_secure",
      "provider": "provider.openstack",
      "instances": [
        {
          "schema_version": 0,
          "attributes": {
            "description": "",
            "direction": "ingress",
            "ethertype": "IPv4",
            "id": "f835f655-01ff-4375-a22d-d4ccf012a17b",
            "port_range_max": 10250,
            "port_range_min": 10250,
            "protocol": "tcp",
            "region": "regionOne",
            "remote_group_id": "",
            "remote_ip_prefix": "172.30.0.0/16",
            "security_group_id": "95ca6a07-69e9-4066-bd2b-f4c372a53a8b",
            "tenant_id": "73c528bd2139473cac08550320e306c6",
            "timeouts": null
          },
          "depends_on": [
            "openstack_networking_secgroup_rule_v2.master_ingress_kube_controller_manager",
            "openstack_networking_secgroup_v2.master"
          ]
        }
      ]
    },
    {
      "module": "module.topology",
      "mode": "managed",
      "type": "openstack_networking_secgroup_rule_v2",
      "name": "master_ingress_mdns_udp",
      "provider": "provider.openstack",
      "instances": [
        {
          "schema_version": 0,
          "attributes": {
            "description": "",
            "direction": "ingress",
            "ethertype": "IPv4",
            "id": "9dd09aa0-84e3-4318-b6ce-fb357da9c1d2",
            "port_range_max": 5353,
            "port_range_min": 5353,
            "protocol": "udp",
            "region": "regionOne",
            "remote_group_id": "",
            "remote_ip_prefix": "172.30.0.0/16",
            "security_group_id": "95ca6a07-69e9-4066-bd2b-f4c372a53a8b",
            "tenant_id": "73c528bd2139473cac08550320e306c6",
            "timeouts": null
          },
          "depends_on": [
            "openstack_networking_secgroup_rule_v2.master_ingress_dns_udp",
            "openstack_networking_secgroup_v2.master"
          ]
        }
      ]
    },
    {
      "module": "module.topology",
      "mode": "managed",
      "type": "openstack_networking_secgroup_rule_v2",
      "name": "master_ingress_ovndb",
      "provider": "provider.openstack",
      "instances": [
        {
          "schema_version": 0,
          "attributes": {
            "description": "",
            "direction": "ingress",
            "ethertype": "IPv4",
            "id": "cf10171b-1578-4132-ba49-4405200e1b71",
            "port_range_max": 6642,
            "port_range_min": 6641,
            "protocol": "tcp",
            "region": "regionOne",
            "remote_group_id": "",
            "remote_ip_prefix": "172.30.0.0/16",
            "security_group_id": "95ca6a07-69e9-4066-bd2b-f4c372a53a8b",
            "tenant_id": "73c528bd2139473cac08550320e306c6",
            "timeouts": null
          },
          "depends_on": [
            "openstack_networking_secgroup_rule_v2.master_ingress_geneve",
            "openstack_networking_secgroup_v2.master"
          ]
        }
      ]
    },
    {
      "module": "module.topology",
      "mode": "managed",
      "type": "openstack_networking_secgroup_rule_v2",
      "name": "master_ingress_services_tcp",
      "provider": "provider.openstack",
      "instances": [
        {
          "schema_version": 0,
          "attributes": {
            "description": "",
            "direction": "ingress",
            "ethertype": "IPv4",
            "id": "7f61d406-e560-4047-a7c7-31e371147b18",
            "port_range_max": 32767,
            "port_range_min": 30000,
            "protocol": "tcp",
            "region": "regionOne",
            "remote_group_id": "",
            "remote_ip_prefix": "172.30.0.0/16",
            "security_group_id": "95ca6a07-69e9-4066-bd2b-f4c372a53a8b",
            "tenant_id": "73c528bd2139473cac08550320e306c6",
            "timeouts": null
          },
          "depends_on": [
            "openstack_networking_secgroup_rule_v2.master_ingress_etcd",
            "openstack_networking_secgroup_v2.master"
          ]
        }
      ]
    },
    {
      "module": "module.topology",
      "mode": "managed",
      "type": "openstack_networking_secgroup_rule_v2",
      "name": "master_ingress_services_udp",
      "provider": "provider.openstack",
      "instances": [
        {
          "schema_version": 0,
          "attributes": {
            "description": "",
            "direction": "ingress",
            "ethertype": "IPv4",
            "id": "b349fa4a-29bc-477f-921c-a99d4e5a23d0",
            "port_range_max": 32767,
            "port_range_min": 30000,
            "protocol": "udp",
            "region": "regionOne",
            "remote_group_id": "",
            "remote_ip_prefix": "172.30.0.0/16",
            "security_group_id": "95ca6a07-69e9-4066-bd2b-f4c372a53a8b",
            "tenant_id": "73c528bd2139473cac08550320e306c6",
            "timeouts": null
          },
          "depends_on": [
            "openstack_networking_secgroup_rule_v2.master_ingress_services_tcp",
            "openstack_networking_secgroup_v2.master"
          ]
        }
      ]
    },
    {
      "module": "module.topology",
      "mode": "managed",
      "type": "openstack_networking_secgroup_rule_v2",
      "name": "master_ingress_ssh",
      "provider": "provider.openstack",
      "instances": [
        {
          "schema_version": 0,
          "attributes": {
            "description": "",
            "direction": "ingress",
            "ethertype": "IPv4",
            "id": "f02740c9-aef6-4608-8d84-ef3f8f362e42",
            "port_range_max": 22,
            "port_range_min": 22,
            "protocol": "tcp",
            "region": "regionOne",
            "remote_group_id": "",
            "remote_ip_prefix": "0.0.0.0/0",
            "security_group_id": "95ca6a07-69e9-4066-bd2b-f4c372a53a8b",
            "tenant_id": "73c528bd2139473cac08550320e306c6",
            "timeouts": null
          },
          "depends_on": [
            "openstack_networking_secgroup_rule_v2.master_ingress_icmp",
            "openstack_networking_secgroup_v2.master"
          ]
        }
      ]
    },
    {
      "module": "module.topology",
      "mode": "managed",
      "type": "openstack_networking_secgroup_rule_v2",
      "name": "master_ingress_vrrp",
      "provider": "provider.openstack",
      "instances": [
        {
          "schema_version": 0,
          "attributes": {
            "description": "",
            "direction": "ingress",
            "ethertype": "IPv4",
            "id": "63f4e423-a795-48ae-b7b1-a8fb629332cb",
            "port_range_max": 0,
            "port_range_min": 0,
            "protocol": "vrrp",
            "region": "regionOne",
            "remote_group_id": "",
            "remote_ip_prefix": "172.30.0.0/16",
            "security_group_id": "95ca6a07-69e9-4066-bd2b-f4c372a53a8b",
            "tenant_id": "73c528bd2139473cac08550320e306c6",
            "timeouts": null
          },
          "depends_on": [
            "openstack_networking_secgroup_rule_v2.master_ingress_services_udp",
            "openstack_networking_secgroup_v2.master"
          ]
        }
      ]
    },
    {
      "module": "module.topology",
      "mode": "managed",
      "type": "openstack_networking_secgroup_rule_v2",
      "name": "master_ingress_vxlan",
      "provider": "provider.openstack",
      "instances": [
        {
          "schema_version": 0,
          "attributes": {
            "description": "",
            "direction": "ingress",
            "ethertype": "IPv4",
            "id": "ef653735-f13c-4bb3-9cec-63fe22655350",
            "port_range_max": 4789,
            "port_range_min": 4789,
            "protocol": "udp",
            "region": "regionOne",
            "remote_group_id": "",
            "remote_ip_prefix": "172.30.0.0/16",
            "security_group_id": "95ca6a07-69e9-4066-bd2b-f4c372a53a8b",
            "tenant_id": "73c528bd2139473cac08550320e306c6",
            "timeouts": null
          },
          "depends_on": [
            "openstack_networking_secgroup_rule_v2.master_ingress_https",
            "openstack_networking_secgroup_v2.master"
          ]
        }
      ]
    },
    {
      "module": "module.topology",
      "mode": "managed",
      "type": "openstack_networking_secgroup_rule_v2",
      "name": "master_mcs",
      "provider": "provider.openstack",
      "instances": [
        {
          "schema_version": 0,
          "attributes": {
            "description": "",
            "direction": "ingress",
            "ethertype": "IPv4",
            "id": "053f3970-2994-453e-af8e-28f7250b4b5a",
            "port_range_max": 22623,
            "port_range_min": 22623,
            "protocol": "tcp",
            "region": "regionOne",
            "remote_group_id": "",
            "remote_ip_prefix": "172.30.0.0/16",
            "security_group_id": "95ca6a07-69e9-4066-bd2b-f4c372a53a8b",
            "tenant_id": "73c528bd2139473cac08550320e306c6",
            "timeouts": null
          },
          "depends_on": [
            "openstack_networking_secgroup_v2.master"
          ]
        }
      ]
    },
    {
      "module": "module.topology",
      "mode": "managed",
      "type": "openstack_networking_secgroup_rule_v2",
      "name": "worker_ingress_geneve",
      "provider": "provider.openstack",
      "instances": [
        {
          "schema_version": 0,
          "attributes": {
            "description": "",
            "direction": "ingress",
            "ethertype": "IPv4",
            "id": "2128c457-2cfd-4b16-adf5-d59c74767b8e",
            "port_range_max": 6081,
            "port_range_min": 6081,
            "protocol": "udp",
            "region": "regionOne",
            "remote_group_id": "",
            "remote_ip_prefix": "172.30.0.0/16",
            "security_group_id": "bfef2595-e028-4d7c-b800-9c4a819a455b",
            "tenant_id": "73c528bd2139473cac08550320e306c6",
            "timeouts": null
          },
          "depends_on": [
            "openstack_networking_secgroup_rule_v2.worker_ingress_vxlan",
            "openstack_networking_secgroup_v2.worker"
          ]
        }
      ]
    },
    {
      "module": "module.topology",
      "mode": "managed",
      "type": "openstack_networking_secgroup_rule_v2",
      "name": "worker_ingress_http",
      "provider": "provider.openstack",
      "instances": [
        {
          "schema_version": 0,
          "attributes": {
            "description": "",
            "direction": "ingress",
            "ethertype": "IPv4",
            "id": "a0db91d7-757b-4ea1-a525-059f0e4c902b",
            "port_range_max": 80,
            "port_range_min": 80,
            "protocol": "tcp",
            "region": "regionOne",
            "remote_group_id": "",
            "remote_ip_prefix": "0.0.0.0/0",
            "security_group_id": "bfef2595-e028-4d7c-b800-9c4a819a455b",
            "tenant_id": "73c528bd2139473cac08550320e306c6",
            "timeouts": null
          },
          "depends_on": [
            "openstack_networking_secgroup_rule_v2.worker_ingress_mdns_udp",
            "openstack_networking_secgroup_v2.worker"
          ]
        }
      ]
    },
    {
      "module": "module.topology",
      "mode": "managed",
      "type": "openstack_networking_secgroup_rule_v2",
      "name": "worker_ingress_https",
      "provider": "provider.openstack",
      "instances": [
        {
          "schema_version": 0,
          "attributes": {
            "description": "",
            "direction": "ingress",
            "ethertype": "IPv4",
            "id": "e20b61c4-e3ea-4e16-bbf5-d8b3e4e7e2f0",
            "port_range_max": 443,
            "port_range_min": 443,
            "protocol": "tcp",
            "region": "regionOne",
            "remote_group_id": "",
            "remote_ip_prefix": "0.0.0.0/0",
            "security_group_id": "bfef2595-e028-4d7c-b800-9c4a819a455b",
            "tenant_id": "73c528bd2139473cac08550320e306c6",
            "timeouts": null
          },
          "depends_on": [
            "openstack_networking_secgroup_rule_v2.worker_ingress_http",
            "openstack_networking_secgroup_v2.worker"
          ]
        }
      ]
    },
    {
      "module": "module.topology",
      "mode": "managed",
      "type": "openstack_networking_secgroup_rule_v2",
      "name": "worker_ingress_icmp",
      "provider": "provider.openstack",
      "instances": [
        {
          "schema_version": 0,
          "attributes": {
            "description": "",
            "direction": "ingress",
            "ethertype": "IPv4",
            "id": "b36b01e8-af3d-4e63-9ab4-c0fa0ad17e75",
            "port_range_max": 0,
            "port_range_min": 0,
            "protocol": "icmp",
            "region": "regionOne",
            "remote_group_id": "",
            "remote_ip_prefix": "0.0.0.0/0",
            "security_group_id": "bfef2595-e028-4d7c-b800-9c4a819a455b",
            "tenant_id": "73c528bd2139473cac08550320e306c6",
            "timeouts": null
          },
          "depends_on": [
            "openstack_networking_secgroup_rule_v2.master_ingress_vrrp",
            "openstack_networking_secgroup_v2.worker"
          ]
        }
      ]
    },
    {
      "module": "module.topology",
      "mode": "managed",
      "type": "openstack_networking_secgroup_rule_v2",
      "name": "worker_ingress_internal",
      "provider": "provider.openstack",
      "instances": [
        {
          "schema_version": 0,
          "attributes": {
            "description": "",
            "direction": "ingress",
            "ethertype": "IPv4",
            "id": "5fa42e4d-31f2-4a5f-b6e4-4813613c489a",
            "port_range_max": 9999,
            "port_range_min": 9000,
            "protocol": "tcp",
            "region": "regionOne",
            "remote_group_id": "",
            "remote_ip_prefix": "172.30.0.0/16",
            "security_group_id": "bfef2595-e028-4d7c-b800-9c4a819a455b",
            "tenant_id": "73c528bd2139473cac08550320e306c6",
            "timeouts": null
          },
          "depends_on": [
            "openstack_networking_secgroup_rule_v2.worker_ingress_geneve",
            "openstack_networking_secgroup_v2.worker"
          ]
        }
      ]
    },
    {
      "module": "module.topology",
      "mode": "managed",
      "type": "openstack_networking_secgroup_rule_v2",
      "name": "worker_ingress_internal_udp",
      "provider": "provider.openstack",
      "instances": [
        {
          "schema_version": 0,
          "attributes": {
            "description": "",
            "direction": "ingress",
            "ethertype": "IPv4",
            "id": "7b6c67f5-019e-443e-a47f-4632f2bd5a04",
            "port_range_max": 9999,
            "port_range_min": 9000,
            "protocol": "udp",
            "region": "regionOne",
            "remote_group_id": "",
            "remote_ip_prefix": "172.30.0.0/16",
            "security_group_id": "bfef2595-e028-4d7c-b800-9c4a819a455b",
            "tenant_id": "73c528bd2139473cac08550320e306c6",
            "timeouts": null
          },
          "depends_on": [
            "openstack_networking_secgroup_rule_v2.worker_ingress_internal",
            "openstack_networking_secgroup_v2.worker"
          ]
        }
      ]
    },
    {
      "module": "module.topology",
      "mode": "managed",
      "type": "openstack_networking_secgroup_rule_v2",
      "name": "worker_ingress_kubelet_insecure",
      "provider": "provider.openstack",
      "instances": [
        {
          "schema_version": 0,
          "attributes": {
            "description": "",
            "direction": "ingress",
            "ethertype": "IPv4",
            "id": "1a870e77-a244-4f44-b3b7-0fcccef2b39e",
            "port_range_max": 10250,
            "port_range_min": 10250,
            "protocol": "tcp",
            "region": "regionOne",
            "remote_group_id": "",
            "remote_ip_prefix": "172.30.0.0/16",
            "security_group_id": "bfef2595-e028-4d7c-b800-9c4a819a455b",
            "tenant_id": "73c528bd2139473cac08550320e306c6",
            "timeouts": null
          },
          "depends_on": [
            "openstack_networking_secgroup_rule_v2.worker_ingress_internal_udp",
            "openstack_networking_secgroup_v2.worker"
          ]
        }
      ]
    },
    {
      "module": "module.topology",
      "mode": "managed",
      "type": "openstack_networking_secgroup_rule_v2",
      "name": "worker_ingress_mdns_udp",
      "provider": "provider.openstack",
      "instances": [
        {
          "schema_version": 0,
          "attributes": {
            "description": "",
            "direction": "ingress",
            "ethertype": "IPv4",
            "id": "8ea68d33-b636-4cb7-bb6d-4a4423ce50b0",
            "port_range_max": 5353,
            "port_range_min": 5353,
            "protocol": "udp",
            "region": "regionOne",
            "remote_group_id": "",
            "remote_ip_prefix": "172.30.0.0/16",
            "security_group_id": "bfef2595-e028-4d7c-b800-9c4a819a455b",
            "tenant_id": "73c528bd2139473cac08550320e306c6",
            "timeouts": null
          },
          "depends_on": [
            "openstack_networking_secgroup_rule_v2.worker_ingress_ssh",
            "openstack_networking_secgroup_v2.worker"
          ]
        }
      ]
    },
    {
      "module": "module.topology",
      "mode": "managed",
      "type": "openstack_networking_secgroup_rule_v2",
      "name": "worker_ingress_router",
      "provider": "provider.openstack",
      "instances": [
        {
          "schema_version": 0,
          "attributes": {
            "description": "",
            "direction": "ingress",
            "ethertype": "IPv4",
            "id": "93e74c22-c437-4104-96db-1a820ade0eeb",
            "port_range_max": 1936,
            "port_range_min": 1936,
            "protocol": "tcp",
            "region": "regionOne",
            "remote_group_id": "",
            "remote_ip_prefix": "172.30.0.0/16",
            "security_group_id": "bfef2595-e028-4d7c-b800-9c4a819a455b",
            "tenant_id": "73c528bd2139473cac08550320e306c6",
            "timeouts": null
          },
          "depends_on": [
            "openstack_networking_secgroup_rule_v2.worker_ingress_https",
            "openstack_networking_secgroup_v2.worker"
          ]
        }
      ]
    },
    {
      "module": "module.topology",
      "mode": "managed",
      "type": "openstack_networking_secgroup_rule_v2",
      "name": "worker_ingress_services_tcp",
      "provider": "provider.openstack",
      "instances": [
        {
          "schema_version": 0,
          "attributes": {
            "description": "",
            "direction": "ingress",
            "ethertype": "IPv4",
            "id": "7246f8fa-9681-4ddd-b88e-5aeb2ff23fd2",
            "port_range_max": 32767,
            "port_range_min": 30000,
            "protocol": "tcp",
            "region": "regionOne",
            "remote_group_id": "",
            "remote_ip_prefix": "172.30.0.0/16",
            "security_group_id": "bfef2595-e028-4d7c-b800-9c4a819a455b",
            "tenant_id": "73c528bd2139473cac08550320e306c6",
            "timeouts": null
          },
          "depends_on": [
            "openstack_networking_secgroup_rule_v2.worker_ingress_kubelet_insecure",
            "openstack_networking_secgroup_v2.worker"
          ]
        }
      ]
    },
    {
      "module": "module.topology",
      "mode": "managed",
      "type": "openstack_networking_secgroup_rule_v2",
      "name": "worker_ingress_services_udp",
      "provider": "provider.openstack",
      "instances": [
        {
          "schema_version": 0,
          "attributes": {
            "description": "",
            "direction": "ingress",
            "ethertype": "IPv4",
            "id": "3f5b3d32-52a8-4455-b0a1-4b5523904103",
            "port_range_max": 32767,
            "port_range_min": 30000,
            "protocol": "udp",
            "region": "regionOne",
            "remote_group_id": "",
            "remote_ip_prefix": "172.30.0.0/16",
            "security_group_id": "bfef2595-e028-4d7c-b800-9c4a819a455b",
            "tenant_id": "73c528bd2139473cac08550320e306c6",
            "timeouts": null
          },
          "depends_on": [
            "openstack_networking_secgroup_rule_v2.worker_ingress_services_tcp",
            "openstack_networking_secgroup_v2.worker"
          ]
        }
      ]
    },
    {
      "module": "module.topology",
      "mode": "managed",
      "type": "openstack_networking_secgroup_rule_v2",
      "name": "worker_ingress_ssh",
      "provider": "provider.openstack",
      "instances": [
        {
          "schema_version": 0,
          "attributes": {
            "description": "",
            "direction": "ingress",
            "ethertype": "IPv4",
            "id": "5378b2c2-aa85-4834-88ee-7b1bd965fabf",
            "port_range_max": 22,
            "port_range_min": 22,
            "protocol": "tcp",
            "region": "regionOne",
            "remote_group_id": "",
            "remote_ip_prefix": "0.0.0.0/0",
            "security_group_id": "bfef2595-e028-4d7c-b800-9c4a819a455b",
            "tenant_id": "73c528bd2139473cac08550320e306c6",
            "timeouts": null
          },
          "depends_on": [
            "openstack_networking_secgroup_rule_v2.worker_ingress_icmp",
            "openstack_networking_secgroup_v2.worker"
          ]
        }
      ]
    },
    {
      "module": "module.topology",
      "mode": "managed",
      "type": "openstack_networking_secgroup_rule_v2",
      "name": "worker_ingress_vrrp",
      "provider": "provider.openstack",
      "instances": [
        {
          "schema_version": 0,
          "attributes": {
            "description": "",
            "direction": "ingress",
            "ethertype": "IPv4",
            "id": "acb20f8f-4749-4442-893d-c650f9aac1fd",
            "port_range_max": 0,
            "port_range_min": 0,
            "protocol": "vrrp",
            "region": "regionOne",
            "remote_group_id": "",
            "remote_ip_prefix": "172.30.0.0/16",
            "security_group_id": "bfef2595-e028-4d7c-b800-9c4a819a455b",
            "tenant_id": "73c528bd2139473cac08550320e306c6",
            "timeouts": null
          },
          "depends_on": [
            "openstack_networking_secgroup_rule_v2.worker_ingress_services_udp",
            "openstack_networking_secgroup_v2.worker"
          ]
        }
      ]
    },
    {
      "module": "module.topology",
      "mode": "managed",
      "type": "openstack_networking_secgroup_rule_v2",
      "name": "worker_ingress_vxlan",
      "provider": "provider.openstack",
      "instances": [
        {
          "schema_version": 0,
          "attributes": {
            "description": "",
            "direction": "ingress",
            "ethertype": "IPv4",
            "id": "ea2b4835-5959-46c7-8721-0ca36b7936e2",
            "port_range_max": 4789,
            "port_range_min": 4789,
            "protocol": "udp",
            "region": "regionOne",
            "remote_group_id": "",
            "remote_ip_prefix": "172.30.0.0/16",
            "security_group_id": "bfef2595-e028-4d7c-b800-9c4a819a455b",
            "tenant_id": "73c528bd2139473cac08550320e306c6",
            "timeouts": null
          },
          "depends_on": [
            "openstack_networking_secgroup_rule_v2.worker_ingress_router",
            "openstack_networking_secgroup_v2.worker"
          ]
        }
      ]
    },
    {
      "module": "module.topology",
      "mode": "managed",
      "type": "openstack_networking_secgroup_v2",
      "name": "master",
      "provider": "provider.openstack",
      "instances": [
        {
          "schema_version": 0,
          "attributes": {
            "all_tags": [
              "openshiftClusterID=rhmi02-zvmsv"
            ],
            "delete_default_rules": null,
            "description": "",
            "id": "95ca6a07-69e9-4066-bd2b-f4c372a53a8b",
            "name": "rhmi02-zvmsv-master",
            "region": "regionOne",
            "tags": [
              "openshiftClusterID=rhmi02-zvmsv"
            ],
            "tenant_id": "73c528bd2139473cac08550320e306c6",
            "timeouts": null
          }
        }
      ]
    },
    {
      "module": "module.topology",
      "mode": "managed",
      "type": "openstack_networking_secgroup_v2",
      "name": "worker",
      "provider": "provider.openstack",
      "instances": [
        {
          "schema_version": 0,
          "attributes": {
            "all_tags": [
              "openshiftClusterID=rhmi02-zvmsv"
            ],
            "delete_default_rules": null,
            "description": "",
            "id": "bfef2595-e028-4d7c-b800-9c4a819a455b",
            "name": "rhmi02-zvmsv-worker",
            "region": "regionOne",
            "tags": [
              "openshiftClusterID=rhmi02-zvmsv"
            ],
            "tenant_id": "73c528bd2139473cac08550320e306c6",
            "timeouts": null
          }
        }
      ]
    },
    {
      "module": "module.topology",
      "mode": "managed",
      "type": "openstack_networking_subnet_v2",
      "name": "nodes",
      "provider": "provider.openstack",
      "instances": [
        {
          "schema_version": 0,
          "attributes": {
            "all_tags": [
              "openshiftClusterID=rhmi02-zvmsv"
            ],
            "allocation_pool": [
              {
                "end": "172.30.62.128",
                "start": "172.30.0.10"
              }
            ],
            "allocation_pools": [
              {
                "end": "172.30.62.128",
                "start": "172.30.0.10"
              }
            ],
            "cidr": "172.30.0.0/16",
            "description": "",
            "dns_nameservers": [],
            "enable_dhcp": true,
            "gateway_ip": "172.30.0.1",
            "host_routes": [],
            "id": "81550a58-5e0f-4a4e-a575-bf11c494fdbf",
            "ip_version": 4,
            "ipv6_address_mode": "",
            "ipv6_ra_mode": "",
            "name": "rhmi02-zvmsv-nodes",
            "network_id": "795d1e81-7905-4a4e-b645-d3b1b3381048",
            "no_gateway": false,
            "prefix_length": null,
            "region": "regionOne",
            "subnetpool_id": "",
            "tags": [
              "openshiftClusterID=rhmi02-zvmsv"
            ],
            "tenant_id": "73c528bd2139473cac08550320e306c6",
            "timeouts": null,
            "value_specs": null
          },
          "depends_on": [
            "openstack_networking_network_v2.openshift-private"
          ]
        }
      ]
    },
    {
      "module": "module.topology",
      "mode": "managed",
      "type": "openstack_networking_trunk_v2",
      "name": "masters",
      "each": "list",
      "provider": "provider.openstack",
      "instances": [
        {
          "index_key": 0,
          "schema_version": 0,
          "attributes": {
            "admin_state_up": true,
            "all_tags": [
              "openshiftClusterID=rhmi02-zvmsv"
            ],
            "description": "",
            "id": "193cb350-0b73-4902-9afd-4b716f88de0a",
            "name": "rhmi02-zvmsv-master-trunk-0",
            "port_id": "f62d08f7-ed63-4c47-a524-def438a4cdac",
            "region": "regionOne",
            "sub_port": [],
            "tags": [
              "openshiftClusterID=rhmi02-zvmsv"
            ],
            "tenant_id": "73c528bd2139473cac08550320e306c6",
            "timeouts": null
          },
          "depends_on": [
            "openstack_networking_port_v2.masters"
          ]
        },
        {
          "index_key": 1,
          "schema_version": 0,
          "attributes": {
            "admin_state_up": true,
            "all_tags": [
              "openshiftClusterID=rhmi02-zvmsv"
            ],
            "description": "",
            "id": "a22bd343-3b9b-45d1-a920-2ddaa669f123",
            "name": "rhmi02-zvmsv-master-trunk-1",
            "port_id": "1b454ed8-fc7e-4ecb-bd3d-3ceecd790093",
            "region": "regionOne",
            "sub_port": [],
            "tags": [
              "openshiftClusterID=rhmi02-zvmsv"
            ],
            "tenant_id": "73c528bd2139473cac08550320e306c6",
            "timeouts": null
          },
          "depends_on": [
            "openstack_networking_port_v2.masters"
          ]
        },
        {
          "index_key": 2,
          "schema_version": 0,
          "attributes": {
            "admin_state_up": true,
            "all_tags": [
              "openshiftClusterID=rhmi02-zvmsv"
            ],
            "description": "",
            "id": "6fa0fcbd-99a7-441c-810b-85af5cf89b4d",
            "name": "rhmi02-zvmsv-master-trunk-2",
            "port_id": "adaeb52d-b0ea-4a68-b8c4-5acaa227a502",
            "region": "regionOne",
            "sub_port": [],
            "tags": [
              "openshiftClusterID=rhmi02-zvmsv"
            ],
            "tenant_id": "73c528bd2139473cac08550320e306c6",
            "timeouts": null
          },
          "depends_on": [
            "openstack_networking_port_v2.masters"
          ]
        }
      ]
    }
  ]
}
